// !$*UTF8*$!
{
	archiveVersion = 1;
	classes = {
	};
	objectVersion = 46;
	objects = {

/* Begin PBXBuildFile section */
		3FABFC369C87E8EDB981BEEA /* Pods.framework in Frameworks */ = {isa = PBXBuildFile; fileRef = A045AE2FF48B0F593C76C34E /* Pods.framework */; };
		B4074FB21C1F60CB00A0ECE7 /* UserPreferences.swift in Sources */ = {isa = PBXBuildFile; fileRef = B4074FB11C1F60CB00A0ECE7 /* UserPreferences.swift */; };
		B40BEB081BF5217C00343E3E /* CoreDataStackManager.swift in Sources */ = {isa = PBXBuildFile; fileRef = B40BEB071BF5217C00343E3E /* CoreDataStackManager.swift */; };
		B419FF341C1B828E00235E69 /* Language.swift in Sources */ = {isa = PBXBuildFile; fileRef = B419FF331C1B828E00235E69 /* Language.swift */; };
		B4A9B95C1C382F5800FFE546 /* ResultResult.swift in Sources */ = {isa = PBXBuildFile; fileRef = B4A9B95B1C382F5800FFE546 /* ResultResult.swift */; };
		B4AB0BC01C305AD900E2433D /* GlosbeAPI.swift in Sources */ = {isa = PBXBuildFile; fileRef = B4AB0BBF1C305AD900E2433D /* GlosbeAPI.swift */; };
		B4F3CDD61BF3FA2A00071A84 /* AppDelegate.swift in Sources */ = {isa = PBXBuildFile; fileRef = B4F3CDD51BF3FA2A00071A84 /* AppDelegate.swift */; };
		B4F3CDD81BF3FA2A00071A84 /* TranslateViewController.swift in Sources */ = {isa = PBXBuildFile; fileRef = B4F3CDD71BF3FA2A00071A84 /* TranslateViewController.swift */; };
		B4F3CDDB1BF3FA2A00071A84 /* Main.storyboard in Resources */ = {isa = PBXBuildFile; fileRef = B4F3CDD91BF3FA2A00071A84 /* Main.storyboard */; };
		B4F3CDDE1BF3FA2A00071A84 /* Lexico.xcdatamodeld in Sources */ = {isa = PBXBuildFile; fileRef = B4F3CDDC1BF3FA2A00071A84 /* Lexico.xcdatamodeld */; };
		B4F3CDE01BF3FA2A00071A84 /* Assets.xcassets in Resources */ = {isa = PBXBuildFile; fileRef = B4F3CDDF1BF3FA2A00071A84 /* Assets.xcassets */; };
		B4F3CDE31BF3FA2A00071A84 /* LaunchScreen.storyboard in Resources */ = {isa = PBXBuildFile; fileRef = B4F3CDE11BF3FA2A00071A84 /* LaunchScreen.storyboard */; };
		B4F3CDEE1BF3FA2B00071A84 /* LexicoTests.swift in Sources */ = {isa = PBXBuildFile; fileRef = B4F3CDED1BF3FA2B00071A84 /* LexicoTests.swift */; };
		B4F3CDF91BF3FA2B00071A84 /* LexicoUITests.swift in Sources */ = {isa = PBXBuildFile; fileRef = B4F3CDF81BF3FA2B00071A84 /* LexicoUITests.swift */; };
		B4FF752E1C17A0790091B2C6 /* LanguagePickerController.swift in Sources */ = {isa = PBXBuildFile; fileRef = B4FF752D1C17A0790091B2C6 /* LanguagePickerController.swift */; };
/* End PBXBuildFile section */

/* Begin PBXContainerItemProxy section */
		B4F3CDEA1BF3FA2B00071A84 /* PBXContainerItemProxy */ = {
			isa = PBXContainerItemProxy;
			containerPortal = B4F3CDCA1BF3FA2A00071A84 /* Project object */;
			proxyType = 1;
			remoteGlobalIDString = B4F3CDD11BF3FA2A00071A84;
			remoteInfo = Lexico;
		};
		B4F3CDF51BF3FA2B00071A84 /* PBXContainerItemProxy */ = {
			isa = PBXContainerItemProxy;
			containerPortal = B4F3CDCA1BF3FA2A00071A84 /* Project object */;
			proxyType = 1;
			remoteGlobalIDString = B4F3CDD11BF3FA2A00071A84;
			remoteInfo = Lexico;
		};
/* End PBXContainerItemProxy section */

/* Begin PBXFileReference section */
		4FFFCC023200F1BB44D0C809 /* Pods.debug.xcconfig */ = {isa = PBXFileReference; includeInIndex = 1; lastKnownFileType = text.xcconfig; name = Pods.debug.xcconfig; path = "Pods/Target Support Files/Pods/Pods.debug.xcconfig"; sourceTree = "<group>"; };
		A045AE2FF48B0F593C76C34E /* Pods.framework */ = {isa = PBXFileReference; explicitFileType = wrapper.framework; includeInIndex = 0; path = Pods.framework; sourceTree = BUILT_PRODUCTS_DIR; };
		B4074FB11C1F60CB00A0ECE7 /* UserPreferences.swift */ = {isa = PBXFileReference; fileEncoding = 4; lastKnownFileType = sourcecode.swift; path = UserPreferences.swift; sourceTree = "<group>"; };
		B40BEB071BF5217C00343E3E /* CoreDataStackManager.swift */ = {isa = PBXFileReference; fileEncoding = 4; lastKnownFileType = sourcecode.swift; path = CoreDataStackManager.swift; sourceTree = "<group>"; };
		B419FF331C1B828E00235E69 /* Language.swift */ = {isa = PBXFileReference; fileEncoding = 4; lastKnownFileType = sourcecode.swift; path = Language.swift; sourceTree = "<group>"; };
		B4A9B95B1C382F5800FFE546 /* ResultResult.swift */ = {isa = PBXFileReference; fileEncoding = 4; lastKnownFileType = sourcecode.swift; path = ResultResult.swift; sourceTree = "<group>"; };
		B4AB0BBF1C305AD900E2433D /* GlosbeAPI.swift */ = {isa = PBXFileReference; fileEncoding = 4; lastKnownFileType = sourcecode.swift; path = GlosbeAPI.swift; sourceTree = "<group>"; };
		B4F3CDD21BF3FA2A00071A84 /* Lexico.app */ = {isa = PBXFileReference; explicitFileType = wrapper.application; includeInIndex = 0; path = Lexico.app; sourceTree = BUILT_PRODUCTS_DIR; };
		B4F3CDD51BF3FA2A00071A84 /* AppDelegate.swift */ = {isa = PBXFileReference; lastKnownFileType = sourcecode.swift; path = AppDelegate.swift; sourceTree = "<group>"; };
		B4F3CDD71BF3FA2A00071A84 /* TranslateViewController.swift */ = {isa = PBXFileReference; lastKnownFileType = sourcecode.swift; path = TranslateViewController.swift; sourceTree = "<group>"; };
		B4F3CDDA1BF3FA2A00071A84 /* Base */ = {isa = PBXFileReference; lastKnownFileType = file.storyboard; name = Base; path = Base.lproj/Main.storyboard; sourceTree = "<group>"; };
		B4F3CDDD1BF3FA2A00071A84 /* Lexico.xcdatamodel */ = {isa = PBXFileReference; lastKnownFileType = wrapper.xcdatamodel; path = Lexico.xcdatamodel; sourceTree = "<group>"; };
		B4F3CDDF1BF3FA2A00071A84 /* Assets.xcassets */ = {isa = PBXFileReference; lastKnownFileType = folder.assetcatalog; path = Assets.xcassets; sourceTree = "<group>"; };
		B4F3CDE21BF3FA2A00071A84 /* Base */ = {isa = PBXFileReference; lastKnownFileType = file.storyboard; name = Base; path = Base.lproj/LaunchScreen.storyboard; sourceTree = "<group>"; };
		B4F3CDE41BF3FA2A00071A84 /* Info.plist */ = {isa = PBXFileReference; lastKnownFileType = text.plist.xml; path = Info.plist; sourceTree = "<group>"; };
		B4F3CDE91BF3FA2B00071A84 /* LexicoTests.xctest */ = {isa = PBXFileReference; explicitFileType = wrapper.cfbundle; includeInIndex = 0; path = LexicoTests.xctest; sourceTree = BUILT_PRODUCTS_DIR; };
		B4F3CDED1BF3FA2B00071A84 /* LexicoTests.swift */ = {isa = PBXFileReference; lastKnownFileType = sourcecode.swift; path = LexicoTests.swift; sourceTree = "<group>"; };
		B4F3CDEF1BF3FA2B00071A84 /* Info.plist */ = {isa = PBXFileReference; lastKnownFileType = text.plist.xml; path = Info.plist; sourceTree = "<group>"; };
		B4F3CDF41BF3FA2B00071A84 /* LexicoUITests.xctest */ = {isa = PBXFileReference; explicitFileType = wrapper.cfbundle; includeInIndex = 0; path = LexicoUITests.xctest; sourceTree = BUILT_PRODUCTS_DIR; };
		B4F3CDF81BF3FA2B00071A84 /* LexicoUITests.swift */ = {isa = PBXFileReference; lastKnownFileType = sourcecode.swift; path = LexicoUITests.swift; sourceTree = "<group>"; };
		B4F3CDFA1BF3FA2B00071A84 /* Info.plist */ = {isa = PBXFileReference; lastKnownFileType = text.plist.xml; path = Info.plist; sourceTree = "<group>"; };
		B4FF752B1C149B350091B2C6 /* README.md */ = {isa = PBXFileReference; fileEncoding = 4; lastKnownFileType = net.daringfireball.markdown; path = README.md; sourceTree = "<group>"; };
		B4FF752D1C17A0790091B2C6 /* LanguagePickerController.swift */ = {isa = PBXFileReference; fileEncoding = 4; lastKnownFileType = sourcecode.swift; path = LanguagePickerController.swift; sourceTree = "<group>"; };
		EB30B1E3D12B8C37DF69AEC6 /* Pods.release.xcconfig */ = {isa = PBXFileReference; includeInIndex = 1; lastKnownFileType = text.xcconfig; name = Pods.release.xcconfig; path = "Pods/Target Support Files/Pods/Pods.release.xcconfig"; sourceTree = "<group>"; };
/* End PBXFileReference section */

/* Begin PBXFrameworksBuildPhase section */
		B4F3CDCF1BF3FA2A00071A84 /* Frameworks */ = {
			isa = PBXFrameworksBuildPhase;
			buildActionMask = 2147483647;
			files = (
				3FABFC369C87E8EDB981BEEA /* Pods.framework in Frameworks */,
			);
			runOnlyForDeploymentPostprocessing = 0;
		};
		B4F3CDE61BF3FA2B00071A84 /* Frameworks */ = {
			isa = PBXFrameworksBuildPhase;
			buildActionMask = 2147483647;
			files = (
			);
			runOnlyForDeploymentPostprocessing = 0;
		};
		B4F3CDF11BF3FA2B00071A84 /* Frameworks */ = {
			isa = PBXFrameworksBuildPhase;
			buildActionMask = 2147483647;
			files = (
			);
			runOnlyForDeploymentPostprocessing = 0;
		};
/* End PBXFrameworksBuildPhase section */

/* Begin PBXGroup section */
		1D8F8F9E5F745F0E4BDE83D4 /* Frameworks */ = {
			isa = PBXGroup;
			children = (
				A045AE2FF48B0F593C76C34E /* Pods.framework */,
			);
			name = Frameworks;
			sourceTree = "<group>";
		};
		410063EB28D2F8C6FDA5360E /* Pods */ = {
			isa = PBXGroup;
			children = (
				4FFFCC023200F1BB44D0C809 /* Pods.debug.xcconfig */,
				EB30B1E3D12B8C37DF69AEC6 /* Pods.release.xcconfig */,
			);
			name = Pods;
			sourceTree = "<group>";
		};
		B40BEB031BF520E900343E3E /* Model */ = {
			isa = PBXGroup;
			children = (
				B4F3CDDC1BF3FA2A00071A84 /* Lexico.xcdatamodeld */,
				B419FF331C1B828E00235E69 /* Language.swift */,
				B4074FB11C1F60CB00A0ECE7 /* UserPreferences.swift */,
				B4AB0BBF1C305AD900E2433D /* GlosbeAPI.swift */,
			);
			name = Model;
			sourceTree = "<group>";
		};
		B40BEB051BF520FC00343E3E /* View */ = {
			isa = PBXGroup;
			children = (
			);
			name = View;
			sourceTree = "<group>";
		};
		B40BEB061BF5210500343E3E /* Controller */ = {
			isa = PBXGroup;
			children = (
				B4FF752D1C17A0790091B2C6 /* LanguagePickerController.swift */,
				B4F3CDD71BF3FA2A00071A84 /* TranslateViewController.swift */,
			);
			name = Controller;
			sourceTree = "<group>";
		};
		B4F3CDC91BF3FA2A00071A84 = {
			isa = PBXGroup;
			children = (
				B4FF752B1C149B350091B2C6 /* README.md */,
				B4F3CDD41BF3FA2A00071A84 /* Lexico */,
				B4F3CDEC1BF3FA2B00071A84 /* LexicoTests */,
				B4F3CDF71BF3FA2B00071A84 /* LexicoUITests */,
				B4F3CDD31BF3FA2A00071A84 /* Products */,
				410063EB28D2F8C6FDA5360E /* Pods */,
				1D8F8F9E5F745F0E4BDE83D4 /* Frameworks */,
			);
			sourceTree = "<group>";
		};
		B4F3CDD31BF3FA2A00071A84 /* Products */ = {
			isa = PBXGroup;
			children = (
				B4F3CDD21BF3FA2A00071A84 /* Lexico.app */,
				B4F3CDE91BF3FA2B00071A84 /* LexicoTests.xctest */,
				B4F3CDF41BF3FA2B00071A84 /* LexicoUITests.xctest */,
			);
			name = Products;
			sourceTree = "<group>";
		};
		B4F3CDD41BF3FA2A00071A84 /* Lexico */ = {
			isa = PBXGroup;
			children = (
				B4F3CDD51BF3FA2A00071A84 /* AppDelegate.swift */,
				B40BEB071BF5217C00343E3E /* CoreDataStackManager.swift */,
				B4FF752A1C148F230091B2C6 /* Supporting Files */,
				B40BEB061BF5210500343E3E /* Controller */,
				B40BEB051BF520FC00343E3E /* View */,
				B40BEB031BF520E900343E3E /* Model */,
			);
			path = Lexico;
			sourceTree = "<group>";
		};
		B4F3CDEC1BF3FA2B00071A84 /* LexicoTests */ = {
			isa = PBXGroup;
			children = (
				B4F3CDED1BF3FA2B00071A84 /* LexicoTests.swift */,
				B4F3CDEF1BF3FA2B00071A84 /* Info.plist */,
			);
			path = LexicoTests;
			sourceTree = "<group>";
		};
		B4F3CDF71BF3FA2B00071A84 /* LexicoUITests */ = {
			isa = PBXGroup;
			children = (
				B4F3CDF81BF3FA2B00071A84 /* LexicoUITests.swift */,
				B4F3CDFA1BF3FA2B00071A84 /* Info.plist */,
			);
			path = LexicoUITests;
			sourceTree = "<group>";
		};
		B4FF752A1C148F230091B2C6 /* Supporting Files */ = {
			isa = PBXGroup;
			children = (
				B4F3CDD91BF3FA2A00071A84 /* Main.storyboard */,
				B4F3CDE11BF3FA2A00071A84 /* LaunchScreen.storyboard */,
				B4F3CDDF1BF3FA2A00071A84 /* Assets.xcassets */,
				B4F3CDE41BF3FA2A00071A84 /* Info.plist */,
				B4A9B95B1C382F5800FFE546 /* ResultResult.swift */,
			);
			name = "Supporting Files";
			sourceTree = "<group>";
		};
/* End PBXGroup section */

/* Begin PBXNativeTarget section */
		B4F3CDD11BF3FA2A00071A84 /* Lexico */ = {
			isa = PBXNativeTarget;
			buildConfigurationList = B4F3CDFD1BF3FA2B00071A84 /* Build configuration list for PBXNativeTarget "Lexico" */;
			buildPhases = (
				1733EDBF7F9B3F0AF4E83B2C /* Check Pods Manifest.lock */,
				B4F3CDCE1BF3FA2A00071A84 /* Sources */,
				B4F3CDCF1BF3FA2A00071A84 /* Frameworks */,
				B4F3CDD01BF3FA2A00071A84 /* Resources */,
				F11778616D5E222F07A86A5C /* Embed Pods Frameworks */,
				634D444AF9D52548D0D2FE7F /* Copy Pods Resources */,
			);
			buildRules = (
			);
			dependencies = (
			);
			name = Lexico;
			productName = Lexico;
			productReference = B4F3CDD21BF3FA2A00071A84 /* Lexico.app */;
			productType = "com.apple.product-type.application";
		};
		B4F3CDE81BF3FA2B00071A84 /* LexicoTests */ = {
			isa = PBXNativeTarget;
			buildConfigurationList = B4F3CE001BF3FA2B00071A84 /* Build configuration list for PBXNativeTarget "LexicoTests" */;
			buildPhases = (
				B4F3CDE51BF3FA2B00071A84 /* Sources */,
				B4F3CDE61BF3FA2B00071A84 /* Frameworks */,
				B4F3CDE71BF3FA2B00071A84 /* Resources */,
			);
			buildRules = (
			);
			dependencies = (
				B4F3CDEB1BF3FA2B00071A84 /* PBXTargetDependency */,
			);
			name = LexicoTests;
			productName = LexicoTests;
			productReference = B4F3CDE91BF3FA2B00071A84 /* LexicoTests.xctest */;
			productType = "com.apple.product-type.bundle.unit-test";
		};
		B4F3CDF31BF3FA2B00071A84 /* LexicoUITests */ = {
			isa = PBXNativeTarget;
			buildConfigurationList = B4F3CE031BF3FA2B00071A84 /* Build configuration list for PBXNativeTarget "LexicoUITests" */;
			buildPhases = (
				B4F3CDF01BF3FA2B00071A84 /* Sources */,
				B4F3CDF11BF3FA2B00071A84 /* Frameworks */,
				B4F3CDF21BF3FA2B00071A84 /* Resources */,
			);
			buildRules = (
			);
			dependencies = (
				B4F3CDF61BF3FA2B00071A84 /* PBXTargetDependency */,
			);
			name = LexicoUITests;
			productName = LexicoUITests;
			productReference = B4F3CDF41BF3FA2B00071A84 /* LexicoUITests.xctest */;
			productType = "com.apple.product-type.bundle.ui-testing";
		};
/* End PBXNativeTarget section */

/* Begin PBXProject section */
		B4F3CDCA1BF3FA2A00071A84 /* Project object */ = {
			isa = PBXProject;
			attributes = {
				LastSwiftUpdateCheck = 0710;
				LastUpgradeCheck = 0710;
				ORGANIZATIONNAME = "Victor Guerra";
				TargetAttributes = {
					B4F3CDD11BF3FA2A00071A84 = {
						CreatedOnToolsVersion = 7.1.1;
					};
					B4F3CDE81BF3FA2B00071A84 = {
						CreatedOnToolsVersion = 7.1.1;
						TestTargetID = B4F3CDD11BF3FA2A00071A84;
					};
					B4F3CDF31BF3FA2B00071A84 = {
						CreatedOnToolsVersion = 7.1.1;
						TestTargetID = B4F3CDD11BF3FA2A00071A84;
					};
				};
			};
			buildConfigurationList = B4F3CDCD1BF3FA2A00071A84 /* Build configuration list for PBXProject "Lexico" */;
			compatibilityVersion = "Xcode 3.2";
			developmentRegion = English;
			hasScannedForEncodings = 0;
			knownRegions = (
				en,
				Base,
			);
			mainGroup = B4F3CDC91BF3FA2A00071A84;
			productRefGroup = B4F3CDD31BF3FA2A00071A84 /* Products */;
			projectDirPath = "";
			projectRoot = "";
			targets = (
				B4F3CDD11BF3FA2A00071A84 /* Lexico */,
				B4F3CDE81BF3FA2B00071A84 /* LexicoTests */,
				B4F3CDF31BF3FA2B00071A84 /* LexicoUITests */,
			);
		};
/* End PBXProject section */

/* Begin PBXResourcesBuildPhase section */
		B4F3CDD01BF3FA2A00071A84 /* Resources */ = {
			isa = PBXResourcesBuildPhase;
			buildActionMask = 2147483647;
			files = (
				B4F3CDE31BF3FA2A00071A84 /* LaunchScreen.storyboard in Resources */,
				B4F3CDE01BF3FA2A00071A84 /* Assets.xcassets in Resources */,
				B4F3CDDB1BF3FA2A00071A84 /* Main.storyboard in Resources */,
			);
			runOnlyForDeploymentPostprocessing = 0;
		};
		B4F3CDE71BF3FA2B00071A84 /* Resources */ = {
			isa = PBXResourcesBuildPhase;
			buildActionMask = 2147483647;
			files = (
			);
			runOnlyForDeploymentPostprocessing = 0;
		};
		B4F3CDF21BF3FA2B00071A84 /* Resources */ = {
			isa = PBXResourcesBuildPhase;
			buildActionMask = 2147483647;
			files = (
			);
			runOnlyForDeploymentPostprocessing = 0;
		};
/* End PBXResourcesBuildPhase section */

/* Begin PBXShellScriptBuildPhase section */
		1733EDBF7F9B3F0AF4E83B2C /* Check Pods Manifest.lock */ = {
			isa = PBXShellScriptBuildPhase;
			buildActionMask = 2147483647;
			files = (
			);
			inputPaths = (
			);
			name = "Check Pods Manifest.lock";
			outputPaths = (
			);
			runOnlyForDeploymentPostprocessing = 0;
			shellPath = /bin/sh;
			shellScript = "diff \"${PODS_ROOT}/../Podfile.lock\" \"${PODS_ROOT}/Manifest.lock\" > /dev/null\nif [[ $? != 0 ]] ; then\n    cat << EOM\nerror: The sandbox is not in sync with the Podfile.lock. Run 'pod install' or update your CocoaPods installation.\nEOM\n    exit 1\nfi\n";
			showEnvVarsInLog = 0;
		};
		634D444AF9D52548D0D2FE7F /* Copy Pods Resources */ = {
			isa = PBXShellScriptBuildPhase;
			buildActionMask = 2147483647;
			files = (
			);
			inputPaths = (
			);
			name = "Copy Pods Resources";
			outputPaths = (
			);
			runOnlyForDeploymentPostprocessing = 0;
			shellPath = /bin/sh;
			shellScript = "\"${SRCROOT}/Pods/Target Support Files/Pods/Pods-resources.sh\"\n";
			showEnvVarsInLog = 0;
		};
		F11778616D5E222F07A86A5C /* Embed Pods Frameworks */ = {
			isa = PBXShellScriptBuildPhase;
			buildActionMask = 2147483647;
			files = (
			);
			inputPaths = (
			);
			name = "Embed Pods Frameworks";
			outputPaths = (
			);
			runOnlyForDeploymentPostprocessing = 0;
			shellPath = /bin/sh;
			shellScript = "\"${SRCROOT}/Pods/Target Support Files/Pods/Pods-frameworks.sh\"\n";
			showEnvVarsInLog = 0;
		};
/* End PBXShellScriptBuildPhase section */

/* Begin PBXSourcesBuildPhase section */
		B4F3CDCE1BF3FA2A00071A84 /* Sources */ = {
			isa = PBXSourcesBuildPhase;
			buildActionMask = 2147483647;
			files = (
				B4A9B95C1C382F5800FFE546 /* ResultResult.swift in Sources */,
				B4AB0BC01C305AD900E2433D /* GlosbeAPI.swift in Sources */,
				B4F3CDDE1BF3FA2A00071A84 /* Lexico.xcdatamodeld in Sources */,
				B4074FB21C1F60CB00A0ECE7 /* UserPreferences.swift in Sources */,
				B40BEB081BF5217C00343E3E /* CoreDataStackManager.swift in Sources */,
				B4F3CDD81BF3FA2A00071A84 /* TranslateViewController.swift in Sources */,
				B419FF341C1B828E00235E69 /* Language.swift in Sources */,
				B4F3CDD61BF3FA2A00071A84 /* AppDelegate.swift in Sources */,
				B4FF752E1C17A0790091B2C6 /* LanguagePickerController.swift in Sources */,
			);
			runOnlyForDeploymentPostprocessing = 0;
		};
		B4F3CDE51BF3FA2B00071A84 /* Sources */ = {
			isa = PBXSourcesBuildPhase;
			buildActionMask = 2147483647;
			files = (
				B4F3CDEE1BF3FA2B00071A84 /* LexicoTests.swift in Sources */,
			);
			runOnlyForDeploymentPostprocessing = 0;
		};
		B4F3CDF01BF3FA2B00071A84 /* Sources */ = {
			isa = PBXSourcesBuildPhase;
			buildActionMask = 2147483647;
			files = (
				B4F3CDF91BF3FA2B00071A84 /* LexicoUITests.swift in Sources */,
			);
			runOnlyForDeploymentPostprocessing = 0;
		};
/* End PBXSourcesBuildPhase section */

/* Begin PBXTargetDependency section */
		B4F3CDEB1BF3FA2B00071A84 /* PBXTargetDependency */ = {
			isa = PBXTargetDependency;
			target = B4F3CDD11BF3FA2A00071A84 /* Lexico */;
			targetProxy = B4F3CDEA1BF3FA2B00071A84 /* PBXContainerItemProxy */;
		};
		B4F3CDF61BF3FA2B00071A84 /* PBXTargetDependency */ = {
			isa = PBXTargetDependency;
			target = B4F3CDD11BF3FA2A00071A84 /* Lexico */;
			targetProxy = B4F3CDF51BF3FA2B00071A84 /* PBXContainerItemProxy */;
		};
/* End PBXTargetDependency section */

/* Begin PBXVariantGroup section */
		B4F3CDD91BF3FA2A00071A84 /* Main.storyboard */ = {
			isa = PBXVariantGroup;
			children = (
				B4F3CDDA1BF3FA2A00071A84 /* Base */,
			);
			name = Main.storyboard;
			sourceTree = "<group>";
		};
		B4F3CDE11BF3FA2A00071A84 /* LaunchScreen.storyboard */ = {
			isa = PBXVariantGroup;
			children = (
				B4F3CDE21BF3FA2A00071A84 /* Base */,
			);
			name = LaunchScreen.storyboard;
			sourceTree = "<group>";
		};
/* End PBXVariantGroup section */

/* Begin XCBuildConfiguration section */
		B4F3CDFB1BF3FA2B00071A84 /* Debug */ = {
			isa = XCBuildConfiguration;
			buildSettings = {
				ALWAYS_SEARCH_USER_PATHS = NO;
				CLANG_CXX_LANGUAGE_STANDARD = "gnu++0x";
				CLANG_CXX_LIBRARY = "libc++";
				CLANG_ENABLE_MODULES = YES;
				CLANG_ENABLE_OBJC_ARC = YES;
				CLANG_WARN_BOOL_CONVERSION = YES;
				CLANG_WARN_CONSTANT_CONVERSION = YES;
				CLANG_WARN_DIRECT_OBJC_ISA_USAGE = YES_ERROR;
				CLANG_WARN_EMPTY_BODY = YES;
				CLANG_WARN_ENUM_CONVERSION = YES;
				CLANG_WARN_INT_CONVERSION = YES;
				CLANG_WARN_OBJC_ROOT_CLASS = YES_ERROR;
				CLANG_WARN_UNREACHABLE_CODE = YES;
				CLANG_WARN__DUPLICATE_METHOD_MATCH = YES;
				"CODE_SIGN_IDENTITY[sdk=iphoneos*]" = "iPhone Developer";
				COPY_PHASE_STRIP = NO;
				DEBUG_INFORMATION_FORMAT = dwarf;
				ENABLE_STRICT_OBJC_MSGSEND = YES;
				ENABLE_TESTABILITY = YES;
				GCC_C_LANGUAGE_STANDARD = gnu99;
				GCC_DYNAMIC_NO_PIC = NO;
				GCC_NO_COMMON_BLOCKS = YES;
				GCC_OPTIMIZATION_LEVEL = 0;
				GCC_PREPROCESSOR_DEFINITIONS = (
					"DEBUG=1",
					"$(inherited)",
				);
				GCC_WARN_64_TO_32_BIT_CONVERSION = YES;
				GCC_WARN_ABOUT_RETURN_TYPE = YES_ERROR;
				GCC_WARN_UNDECLARED_SELECTOR = YES;
				GCC_WARN_UNINITIALIZED_AUTOS = YES_AGGRESSIVE;
				GCC_WARN_UNUSED_FUNCTION = YES;
				GCC_WARN_UNUSED_VARIABLE = YES;
				IPHONEOS_DEPLOYMENT_TARGET = 9.1;
				MTL_ENABLE_DEBUG_INFO = YES;
				ONLY_ACTIVE_ARCH = YES;
				SDKROOT = iphoneos;
				SWIFT_OPTIMIZATION_LEVEL = "-Onone";
			};
			name = Debug;
		};
		B4F3CDFC1BF3FA2B00071A84 /* Release */ = {
			isa = XCBuildConfiguration;
			buildSettings = {
				ALWAYS_SEARCH_USER_PATHS = NO;
				CLANG_CXX_LANGUAGE_STANDARD = "gnu++0x";
				CLANG_CXX_LIBRARY = "libc++";
				CLANG_ENABLE_MODULES = YES;
				CLANG_ENABLE_OBJC_ARC = YES;
				CLANG_WARN_BOOL_CONVERSION = YES;
				CLANG_WARN_CONSTANT_CONVERSION = YES;
				CLANG_WARN_DIRECT_OBJC_ISA_USAGE = YES_ERROR;
				CLANG_WARN_EMPTY_BODY = YES;
				CLANG_WARN_ENUM_CONVERSION = YES;
				CLANG_WARN_INT_CONVERSION = YES;
				CLANG_WARN_OBJC_ROOT_CLASS = YES_ERROR;
				CLANG_WARN_UNREACHABLE_CODE = YES;
				CLANG_WARN__DUPLICATE_METHOD_MATCH = YES;
				"CODE_SIGN_IDENTITY[sdk=iphoneos*]" = "iPhone Developer";
				COPY_PHASE_STRIP = NO;
				DEBUG_INFORMATION_FORMAT = "dwarf-with-dsym";
				ENABLE_NS_ASSERTIONS = NO;
				ENABLE_STRICT_OBJC_MSGSEND = YES;
				GCC_C_LANGUAGE_STANDARD = gnu99;
				GCC_NO_COMMON_BLOCKS = YES;
				GCC_WARN_64_TO_32_BIT_CONVERSION = YES;
				GCC_WARN_ABOUT_RETURN_TYPE = YES_ERROR;
				GCC_WARN_UNDECLARED_SELECTOR = YES;
				GCC_WARN_UNINITIALIZED_AUTOS = YES_AGGRESSIVE;
				GCC_WARN_UNUSED_FUNCTION = YES;
				GCC_WARN_UNUSED_VARIABLE = YES;
				IPHONEOS_DEPLOYMENT_TARGET = 9.1;
				MTL_ENABLE_DEBUG_INFO = NO;
				SDKROOT = iphoneos;
				VALIDATE_PRODUCT = YES;
			};
			name = Release;
		};
		B4F3CDFE1BF3FA2B00071A84 /* Debug */ = {
			isa = XCBuildConfiguration;
			baseConfigurationReference = 4FFFCC023200F1BB44D0C809 /* Pods.debug.xcconfig */;
			buildSettings = {
				ASSETCATALOG_COMPILER_APPICON_NAME = AppIcon;
				INFOPLIST_FILE = Lexico/Info.plist;
				LD_RUNPATH_SEARCH_PATHS = "$(inherited) @executable_path/Frameworks";
				PRODUCT_BUNDLE_IDENTIFIER = vguerra.Lexico;
				PRODUCT_NAME = "$(TARGET_NAME)";
			};
			name = Debug;
		};
		B4F3CDFF1BF3FA2B00071A84 /* Release */ = {
			isa = XCBuildConfiguration;
			baseConfigurationReference = EB30B1E3D12B8C37DF69AEC6 /* Pods.release.xcconfig */;
			buildSettings = {
				ASSETCATALOG_COMPILER_APPICON_NAME = AppIcon;
				INFOPLIST_FILE = Lexico/Info.plist;
				LD_RUNPATH_SEARCH_PATHS = "$(inherited) @executable_path/Frameworks";
				PRODUCT_BUNDLE_IDENTIFIER = vguerra.Lexico;
				PRODUCT_NAME = "$(TARGET_NAME)";
			};
			name = Release;
		};
		B4F3CE011BF3FA2B00071A84 /* Debug */ = {
			isa = XCBuildConfiguration;
			buildSettings = {
				BUNDLE_LOADER = "$(TEST_HOST)";
				INFOPLIST_FILE = LexicoTests/Info.plist;
				LD_RUNPATH_SEARCH_PATHS = "$(inherited) @executable_path/Frameworks @loader_path/Frameworks";
				PRODUCT_BUNDLE_IDENTIFIER = vguerra.LexicoTests;
				PRODUCT_NAME = "$(TARGET_NAME)";
				TEST_HOST = "$(BUILT_PRODUCTS_DIR)/Lexico.app/Lexico";
			};
			name = Debug;
		};
		B4F3CE021BF3FA2B00071A84 /* Release */ = {
			isa = XCBuildConfiguration;
			buildSettings = {
				BUNDLE_LOADER = "$(TEST_HOST)";
				INFOPLIST_FILE = LexicoTests/Info.plist;
				LD_RUNPATH_SEARCH_PATHS = "$(inherited) @executable_path/Frameworks @loader_path/Frameworks";
				PRODUCT_BUNDLE_IDENTIFIER = vguerra.LexicoTests;
				PRODUCT_NAME = "$(TARGET_NAME)";
				TEST_HOST = "$(BUILT_PRODUCTS_DIR)/Lexico.app/Lexico";
			};
			name = Release;
		};
		B4F3CE041BF3FA2B00071A84 /* Debug */ = {
			isa = XCBuildConfiguration;
			buildSettings = {
				INFOPLIST_FILE = LexicoUITests/Info.plist;
				LD_RUNPATH_SEARCH_PATHS = "$(inherited) @executable_path/Frameworks @loader_path/Frameworks";
				PRODUCT_BUNDLE_IDENTIFIER = vguerra.LexicoUITests;
				PRODUCT_NAME = "$(TARGET_NAME)";
				TEST_TARGET_NAME = Lexico;
				USES_XCTRUNNER = YES;
			};
			name = Debug;
		};
		B4F3CE051BF3FA2B00071A84 /* Release */ = {
			isa = XCBuildConfiguration;
			buildSettings = {
				INFOPLIST_FILE = LexicoUITests/Info.plist;
				LD_RUNPATH_SEARCH_PATHS = "$(inherited) @executable_path/Frameworks @loader_path/Frameworks";
				PRODUCT_BUNDLE_IDENTIFIER = vguerra.LexicoUITests;
				PRODUCT_NAME = "$(TARGET_NAME)";
				TEST_TARGET_NAME = Lexico;
				USES_XCTRUNNER = YES;
			};
			name = Release;
		};
/* End XCBuildConfiguration section */

/* Begin XCConfigurationList section */
		B4F3CDCD1BF3FA2A00071A84 /* Build configuration list for PBXProject "Lexico" */ = {
			isa = XCConfigurationList;
			buildConfigurations = (
				B4F3CDFB1BF3FA2B00071A84 /* Debug */,
				B4F3CDFC1BF3FA2B00071A84 /* Release */,
			);
			defaultConfigurationIsVisible = 0;
			defaultConfigurationName = Release;
		};
		B4F3CDFD1BF3FA2B00071A84 /* Build configuration list for PBXNativeTarget "Lexico" */ = {
			isa = XCConfigurationList;
			buildConfigurations = (
				B4F3CDFE1BF3FA2B00071A84 /* Debug */,
				B4F3CDFF1BF3FA2B00071A84 /* Release */,
			);
			defaultConfigurationIsVisible = 0;
			defaultConfigurationName = Release;
		};
		B4F3CE001BF3FA2B00071A84 /* Build configuration list for PBXNativeTarget "LexicoTests" */ = {
			isa = XCConfigurationList;
			buildConfigurations = (
				B4F3CE011BF3FA2B00071A84 /* Debug */,
				B4F3CE021BF3FA2B00071A84 /* Release */,
			);
			defaultConfigurationIsVisible = 0;
			defaultConfigurationName = Release;
		};
		B4F3CE031BF3FA2B00071A84 /* Build configuration list for PBXNativeTarget "LexicoUITests" */ = {
			isa = XCConfigurationList;
			buildConfigurations = (
				B4F3CE041BF3FA2B00071A84 /* Debug */,
				B4F3CE051BF3FA2B00071A84 /* Release */,
			);
			defaultConfigurationIsVisible = 0;
			defaultConfigurationName = Release;
		};
/* End XCConfigurationList section */

/* Begin XCVersionGroup section */
		B4F3CDDC1BF3FA2A00071A84 /* Lexico.xcdatamodeld */ = {
			isa = XCVersionGroup;
			children = (
				B4F3CDDD1BF3FA2A00071A84 /* Lexico.xcdatamodel */,
			);
			currentVersion = B4F3CDDD1BF3FA2A00071A84 /* Lexico.xcdatamodel */;
			path = Lexico.xcdatamodeld;
			sourceTree = "<group>";
			versionGroupType = wrapper.xcdatamodel;
		};
/* End XCVersionGroup section */
	};
	rootObject = B4F3CDCA1BF3FA2A00071A84 /* Project object */;
}
